
Microsoft Visual Studio Solution File, Format Version 12.00
# Visual Studio 15
VisualStudioVersion = 15.0.27428.2005
MinimumVisualStudioVersion = 10.0.40219.1
Project("{FAE04EC0-301F-11D3-BF4B-00C04F79EFBC}") = "ScriptableGameEvent", "ScriptableGameEvent\ScriptableGameEvent.csproj", "{3632EC54-C0A5-4320-82B1-0A92CF43403C}"
EndProject
Global
	GlobalSection(SolutionConfigurationPlatforms) = preSolution
		Debug|Any CPU = Debug|Any CPU
		Release|Any CPU = Release|Any CPU
	EndGlobalSection
	GlobalSection(ProjectConfigurationPlatforms) = postSolution
		{3632EC54-C0A5-4320-82B1-0A92CF43403C}.Debug|Any CPU.ActiveCfg = Debug|Any CPU
		{3632EC54-C0A5-4320-82B1-0A92CF43403C}.Debug|Any CPU.Build.0 = Debug|Any CPU
		{3632EC54-C0A5-4320-82B1-0A92CF43403C}.Release|Any CPU.ActiveCfg = Release|Any CPU
		{3632EC54-C0A5-4320-82B1-0A92CF43403C}.Release|Any CPU.Build.0 = Release|Any CPU
	EndGlobalSection
	GlobalSection(SolutionProperties) = preSolution
		HideSolutionNode = FALSE
	EndGlobalSection
	GlobalSection(ExtensibilityGlobals) = postSolution
		SolutionGuid = {7D61CC06-CDA7-488E-B70C-03984E69DD2B}
	EndGlobalSection
EndGlobal
